// !$*UTF8*$!
{
	archiveVersion = 1;
	classes = {
	};
	objectVersion = 50;
	objects = {

/* Begin PBXBuildFile section */
		8D0E69F1216F045D007A0C9C /* TestAppLoggingContext.swift in Sources */ = {isa = PBXBuildFile; fileRef = 8D0E69F0216F045D007A0C9C /* TestAppLoggingContext.swift */; };
		8D0E69F5216F0609007A0C9C /* MainViewController.swift in Sources */ = {isa = PBXBuildFile; fileRef = 8D0E69F4216F0609007A0C9C /* MainViewController.swift */; };
		8D51D80F216A8BCD000B195A /* AppDelegate.swift in Sources */ = {isa = PBXBuildFile; fileRef = 8D51D80E216A8BCD000B195A /* AppDelegate.swift */; };
		8D51D814216A8BCD000B195A /* Main.storyboard in Resources */ = {isa = PBXBuildFile; fileRef = 8D51D812216A8BCD000B195A /* Main.storyboard */; };
		8D51D816216A8BD0000B195A /* Assets.xcassets in Resources */ = {isa = PBXBuildFile; fileRef = 8D51D815216A8BD0000B195A /* Assets.xcassets */; };
		8D51D819216A8BD0000B195A /* LaunchScreen.storyboard in Resources */ = {isa = PBXBuildFile; fileRef = 8D51D817216A8BD0000B195A /* LaunchScreen.storyboard */; };
		8D51D822216A8C0C000B195A /* Journal.framework in Frameworks */ = {isa = PBXBuildFile; fileRef = 8D51D821216A8C0C000B195A /* Journal.framework */; };
/* End PBXBuildFile section */

/* Begin PBXFileReference section */
		8D0E69F0216F045D007A0C9C /* TestAppLoggingContext.swift */ = {isa = PBXFileReference; lastKnownFileType = sourcecode.swift; path = TestAppLoggingContext.swift; sourceTree = "<group>"; };
		8D0E69F4216F0609007A0C9C /* MainViewController.swift */ = {isa = PBXFileReference; lastKnownFileType = sourcecode.swift; path = MainViewController.swift; sourceTree = "<group>"; };
		8D51D80B216A8BCD000B195A /* Journal-TestApp.app */ = {isa = PBXFileReference; explicitFileType = wrapper.application; includeInIndex = 0; path = "Journal-TestApp.app"; sourceTree = BUILT_PRODUCTS_DIR; };
		8D51D80E216A8BCD000B195A /* AppDelegate.swift */ = {isa = PBXFileReference; lastKnownFileType = sourcecode.swift; path = AppDelegate.swift; sourceTree = "<group>"; };
		8D51D813216A8BCD000B195A /* Base */ = {isa = PBXFileReference; lastKnownFileType = file.storyboard; name = Base; path = Base.lproj/Main.storyboard; sourceTree = "<group>"; };
		8D51D815216A8BD0000B195A /* Assets.xcassets */ = {isa = PBXFileReference; lastKnownFileType = folder.assetcatalog; path = Assets.xcassets; sourceTree = "<group>"; };
		8D51D818216A8BD0000B195A /* Base */ = {isa = PBXFileReference; lastKnownFileType = file.storyboard; name = Base; path = Base.lproj/LaunchScreen.storyboard; sourceTree = "<group>"; };
		8D51D81A216A8BD0000B195A /* Info.plist */ = {isa = PBXFileReference; lastKnownFileType = text.plist.xml; path = Info.plist; sourceTree = "<group>"; };
		8D51D821216A8C0C000B195A /* Journal.framework */ = {isa = PBXFileReference; explicitFileType = wrapper.framework; path = Journal.framework; sourceTree = BUILT_PRODUCTS_DIR; };
/* End PBXFileReference section */

/* Begin PBXFrameworksBuildPhase section */
		8D51D808216A8BCC000B195A /* Frameworks */ = {
			isa = PBXFrameworksBuildPhase;
			buildActionMask = 2147483647;
			files = (
				8D51D822216A8C0C000B195A /* Journal.framework in Frameworks */,
			);
			runOnlyForDeploymentPostprocessing = 0;
		};
/* End PBXFrameworksBuildPhase section */

/* Begin PBXGroup section */
		8D0E69EC216F006D007A0C9C /* Logging */ = {
			isa = PBXGroup;
			children = (
				8D0E69F0216F045D007A0C9C /* TestAppLoggingContext.swift */,
			);
			path = Logging;
			sourceTree = "<group>";
		};
		8D0E69ED216F007C007A0C9C /* Screens */ = {
			isa = PBXGroup;
			children = (
				8D0E69EE216F0083007A0C9C /* Main */,
			);
			path = Screens;
			sourceTree = "<group>";
		};
		8D0E69EE216F0083007A0C9C /* Main */ = {
			isa = PBXGroup;
			children = (
				8D0E69F4216F0609007A0C9C /* MainViewController.swift */,
			);
			path = Main;
			sourceTree = "<group>";
		};
		8D51D802216A8BCC000B195A = {
			isa = PBXGroup;
			children = (
				8D51D80D216A8BCD000B195A /* Journal-TestApp */,
				8D51D80C216A8BCD000B195A /* Products */,
				8D51D820216A8C0C000B195A /* Frameworks */,
			);
			sourceTree = "<group>";
		};
		8D51D80C216A8BCD000B195A /* Products */ = {
			isa = PBXGroup;
			children = (
				8D51D80B216A8BCD000B195A /* Journal-TestApp.app */,
			);
			name = Products;
			sourceTree = "<group>";
		};
		8D51D80D216A8BCD000B195A /* Journal-TestApp */ = {
			isa = PBXGroup;
			children = (
				8D0E69ED216F007C007A0C9C /* Screens */,
				8D0E69EC216F006D007A0C9C /* Logging */,
				8D51D80E216A8BCD000B195A /* AppDelegate.swift */,
				8D51D812216A8BCD000B195A /* Main.storyboard */,
				8D51D815216A8BD0000B195A /* Assets.xcassets */,
				8D51D817216A8BD0000B195A /* LaunchScreen.storyboard */,
				8D51D81A216A8BD0000B195A /* Info.plist */,
			);
			path = "Journal-TestApp";
			sourceTree = "<group>";
		};
		8D51D820216A8C0C000B195A /* Frameworks */ = {
			isa = PBXGroup;
			children = (
				8D51D821216A8C0C000B195A /* Journal.framework */,
			);
			name = Frameworks;
			sourceTree = "<group>";
		};
/* End PBXGroup section */

/* Begin PBXNativeTarget section */
		8D51D80A216A8BCC000B195A /* Journal-TestApp */ = {
			isa = PBXNativeTarget;
			buildConfigurationList = 8D51D81D216A8BD0000B195A /* Build configuration list for PBXNativeTarget "Journal-TestApp" */;
			buildPhases = (
				8D51D807216A8BCC000B195A /* Sources */,
				8D51D808216A8BCC000B195A /* Frameworks */,
				8D51D809216A8BCC000B195A /* Resources */,
			);
			buildRules = (
			);
			dependencies = (
			);
			name = "Journal-TestApp";
			productName = "Journal-TestApp";
			productReference = 8D51D80B216A8BCD000B195A /* Journal-TestApp.app */;
			productType = "com.apple.product-type.application";
		};
/* End PBXNativeTarget section */

/* Begin PBXProject section */
		8D51D803216A8BCC000B195A /* Project object */ = {
			isa = PBXProject;
			attributes = {
				LastSwiftUpdateCheck = 1000;
				LastUpgradeCheck = 1000;
				ORGANIZATIONNAME = "Andras Hollo";
				TargetAttributes = {
					8D51D80A216A8BCC000B195A = {
						CreatedOnToolsVersion = 10.0;
					};
				};
			};
			buildConfigurationList = 8D51D806216A8BCC000B195A /* Build configuration list for PBXProject "Journal-TestApp" */;
			compatibilityVersion = "Xcode 9.3";
			developmentRegion = en;
			hasScannedForEncodings = 0;
			knownRegions = (
				en,
				Base,
			);
			mainGroup = 8D51D802216A8BCC000B195A;
			productRefGroup = 8D51D80C216A8BCD000B195A /* Products */;
			projectDirPath = "";
			projectRoot = "";
			targets = (
				8D51D80A216A8BCC000B195A /* Journal-TestApp */,
			);
		};
/* End PBXProject section */

/* Begin PBXResourcesBuildPhase section */
		8D51D809216A8BCC000B195A /* Resources */ = {
			isa = PBXResourcesBuildPhase;
			buildActionMask = 2147483647;
			files = (
				8D51D819216A8BD0000B195A /* LaunchScreen.storyboard in Resources */,
				8D51D816216A8BD0000B195A /* Assets.xcassets in Resources */,
				8D51D814216A8BCD000B195A /* Main.storyboard in Resources */,
			);
			runOnlyForDeploymentPostprocessing = 0;
		};
/* End PBXResourcesBuildPhase section */

/* Begin PBXSourcesBuildPhase section */
		8D51D807216A8BCC000B195A /* Sources */ = {
			isa = PBXSourcesBuildPhase;
			buildActionMask = 2147483647;
			files = (
				8D51D80F216A8BCD000B195A /* AppDelegate.swift in Sources */,
				8D0E69F1216F045D007A0C9C /* TestAppLoggingContext.swift in Sources */,
				8D0E69F5216F0609007A0C9C /* MainViewController.swift in Sources */,
			);
			runOnlyForDeploymentPostprocessing = 0;
		};
/* End PBXSourcesBuildPhase section */

/* Begin PBXVariantGroup section */
		8D51D812216A8BCD000B195A /* Main.storyboard */ = {
			isa = PBXVariantGroup;
			children = (
				8D51D813216A8BCD000B195A /* Base */,
			);
			name = Main.storyboard;
			sourceTree = "<group>";
		};
		8D51D817216A8BD0000B195A /* LaunchScreen.storyboard */ = {
			isa = PBXVariantGroup;
			children = (
				8D51D818216A8BD0000B195A /* Base */,
			);
			name = LaunchScreen.storyboard;
			sourceTree = "<group>";
		};
/* End PBXVariantGroup section */

/* Begin XCBuildConfiguration section */
		8D51D81B216A8BD0000B195A /* Debug */ = {
			isa = XCBuildConfiguration;
			buildSettings = {
				ALWAYS_SEARCH_USER_PATHS = NO;
				CLANG_ANALYZER_NONNULL = YES;
				CLANG_ANALYZER_NUMBER_OBJECT_CONVERSION = YES_AGGRESSIVE;
				CLANG_CXX_LANGUAGE_STANDARD = "gnu++14";
				CLANG_CXX_LIBRARY = "libc++";
				CLANG_ENABLE_MODULES = YES;
				CLANG_ENABLE_OBJC_ARC = YES;
				CLANG_ENABLE_OBJC_WEAK = YES;
				CLANG_WARN_BLOCK_CAPTURE_AUTORELEASING = YES;
				CLANG_WARN_BOOL_CONVERSION = YES;
				CLANG_WARN_COMMA = YES;
				CLANG_WARN_CONSTANT_CONVERSION = YES;
				CLANG_WARN_DEPRECATED_OBJC_IMPLEMENTATIONS = YES;
				CLANG_WARN_DIRECT_OBJC_ISA_USAGE = YES_ERROR;
				CLANG_WARN_DOCUMENTATION_COMMENTS = YES;
				CLANG_WARN_EMPTY_BODY = YES;
				CLANG_WARN_ENUM_CONVERSION = YES;
				CLANG_WARN_INFINITE_RECURSION = YES;
				CLANG_WARN_INT_CONVERSION = YES;
				CLANG_WARN_NON_LITERAL_NULL_CONVERSION = YES;
				CLANG_WARN_OBJC_IMPLICIT_RETAIN_SELF = YES;
				CLANG_WARN_OBJC_LITERAL_CONVERSION = YES;
				CLANG_WARN_OBJC_ROOT_CLASS = YES_ERROR;
				CLANG_WARN_RANGE_LOOP_ANALYSIS = YES;
				CLANG_WARN_STRICT_PROTOTYPES = YES;
				CLANG_WARN_SUSPICIOUS_MOVE = YES;
				CLANG_WARN_UNGUARDED_AVAILABILITY = YES_AGGRESSIVE;
				CLANG_WARN_UNREACHABLE_CODE = YES;
				CLANG_WARN__DUPLICATE_METHOD_MATCH = YES;
				CODE_SIGN_IDENTITY = "iPhone Developer";
				COPY_PHASE_STRIP = NO;
				DEBUG_INFORMATION_FORMAT = dwarf;
				ENABLE_STRICT_OBJC_MSGSEND = YES;
				ENABLE_TESTABILITY = YES;
				GCC_C_LANGUAGE_STANDARD = gnu11;
				GCC_DYNAMIC_NO_PIC = NO;
				GCC_NO_COMMON_BLOCKS = YES;
				GCC_OPTIMIZATION_LEVEL = 0;
				GCC_PREPROCESSOR_DEFINITIONS = (
					"DEBUG=1",
					"$(inherited)",
				);
				GCC_WARN_64_TO_32_BIT_CONVERSION = YES;
				GCC_WARN_ABOUT_RETURN_TYPE = YES_ERROR;
				GCC_WARN_UNDECLARED_SELECTOR = YES;
				GCC_WARN_UNINITIALIZED_AUTOS = YES_AGGRESSIVE;
				GCC_WARN_UNUSED_FUNCTION = YES;
				GCC_WARN_UNUSED_VARIABLE = YES;
				IPHONEOS_DEPLOYMENT_TARGET = 12.0;
				MTL_ENABLE_DEBUG_INFO = INCLUDE_SOURCE;
				MTL_FAST_MATH = YES;
				ONLY_ACTIVE_ARCH = YES;
				SDKROOT = iphoneos;
				SWIFT_ACTIVE_COMPILATION_CONDITIONS = DEBUG;
				SWIFT_OPTIMIZATION_LEVEL = "-Onone";
			};
			name = Debug;
		};
		8D51D81C216A8BD0000B195A /* Release */ = {
			isa = XCBuildConfiguration;
			buildSettings = {
				ALWAYS_SEARCH_USER_PATHS = NO;
				CLANG_ANALYZER_NONNULL = YES;
				CLANG_ANALYZER_NUMBER_OBJECT_CONVERSION = YES_AGGRESSIVE;
				CLANG_CXX_LANGUAGE_STANDARD = "gnu++14";
				CLANG_CXX_LIBRARY = "libc++";
				CLANG_ENABLE_MODULES = YES;
				CLANG_ENABLE_OBJC_ARC = YES;
				CLANG_ENABLE_OBJC_WEAK = YES;
				CLANG_WARN_BLOCK_CAPTURE_AUTORELEASING = YES;
				CLANG_WARN_BOOL_CONVERSION = YES;
				CLANG_WARN_COMMA = YES;
				CLANG_WARN_CONSTANT_CONVERSION = YES;
				CLANG_WARN_DEPRECATED_OBJC_IMPLEMENTATIONS = YES;
				CLANG_WARN_DIRECT_OBJC_ISA_USAGE = YES_ERROR;
				CLANG_WARN_DOCUMENTATION_COMMENTS = YES;
				CLANG_WARN_EMPTY_BODY = YES;
				CLANG_WARN_ENUM_CONVERSION = YES;
				CLANG_WARN_INFINITE_RECURSION = YES;
				CLANG_WARN_INT_CONVERSION = YES;
				CLANG_WARN_NON_LITERAL_NULL_CONVERSION = YES;
				CLANG_WARN_OBJC_IMPLICIT_RETAIN_SELF = YES;
				CLANG_WARN_OBJC_LITERAL_CONVERSION = YES;
				CLANG_WARN_OBJC_ROOT_CLASS = YES_ERROR;
				CLANG_WARN_RANGE_LOOP_ANALYSIS = YES;
				CLANG_WARN_STRICT_PROTOTYPES = YES;
				CLANG_WARN_SUSPICIOUS_MOVE = YES;
				CLANG_WARN_UNGUARDED_AVAILABILITY = YES_AGGRESSIVE;
				CLANG_WARN_UNREACHABLE_CODE = YES;
				CLANG_WARN__DUPLICATE_METHOD_MATCH = YES;
				CODE_SIGN_IDENTITY = "iPhone Developer";
				COPY_PHASE_STRIP = NO;
				DEBUG_INFORMATION_FORMAT = "dwarf-with-dsym";
				ENABLE_NS_ASSERTIONS = NO;
				ENABLE_STRICT_OBJC_MSGSEND = YES;
				GCC_C_LANGUAGE_STANDARD = gnu11;
				GCC_NO_COMMON_BLOCKS = YES;
				GCC_WARN_64_TO_32_BIT_CONVERSION = YES;
				GCC_WARN_ABOUT_RETURN_TYPE = YES_ERROR;
				GCC_WARN_UNDECLARED_SELECTOR = YES;
				GCC_WARN_UNINITIALIZED_AUTOS = YES_AGGRESSIVE;
				GCC_WARN_UNUSED_FUNCTION = YES;
				GCC_WARN_UNUSED_VARIABLE = YES;
				IPHONEOS_DEPLOYMENT_TARGET = 12.0;
				MTL_ENABLE_DEBUG_INFO = NO;
				MTL_FAST_MATH = YES;
				SDKROOT = iphoneos;
				SWIFT_COMPILATION_MODE = wholemodule;
				SWIFT_OPTIMIZATION_LEVEL = "-O";
				VALIDATE_PRODUCT = YES;
			};
			name = Release;
		};
		8D51D81E216A8BD0000B195A /* Debug */ = {
			isa = XCBuildConfiguration;
			buildSettings = {
				ASSETCATALOG_COMPILER_APPICON_NAME = AppIcon;
				CODE_SIGN_STYLE = Automatic;
				INFOPLIST_FILE = "Journal-TestApp/Info.plist";
				LD_RUNPATH_SEARCH_PATHS = (
					"$(inherited)",
					"@executable_path/Frameworks",
				);
				PRODUCT_BUNDLE_IDENTIFIER = "com.andrashollo.Journal-TestApp";
				PRODUCT_NAME = "$(TARGET_NAME)";
				SWIFT_VERSION = 4.2;
				TARGETED_DEVICE_FAMILY = "1,2";
			};
			name = Debug;
		};
		8D51D81F216A8BD0000B195A /* Release */ = {
			isa = XCBuildConfiguration;
			buildSettings = {
				ASSETCATALOG_COMPILER_APPICON_NAME = AppIcon;
				CODE_SIGN_STYLE = Automatic;
				INFOPLIST_FILE = "Journal-TestApp/Info.plist";
				LD_RUNPATH_SEARCH_PATHS = (
					"$(inherited)",
					"@executable_path/Frameworks",
				);
				PRODUCT_BUNDLE_IDENTIFIER = "com.andrashollo.Journal-TestApp";
				PRODUCT_NAME = "$(TARGET_NAME)";
				SWIFT_VERSION = 4.2;
				TARGETED_DEVICE_FAMILY = "1,2";
			};
			name = Release;
		};
/* End XCBuildConfiguration section */

/* Begin XCConfigurationList section */
		8D51D806216A8BCC000B195A /* Build configuration list for PBXProject "Journal-TestApp" */ = {
			isa = XCConfigurationList;
			buildConfigurations = (
				8D51D81B216A8BD0000B195A /* Debug */,
				8D51D81C216A8BD0000B195A /* Release */,
			);
			defaultConfigurationIsVisible = 0;
			defaultConfigurationName = Release;
		};
		8D51D81D216A8BD0000B195A /* Build configuration list for PBXNativeTarget "Journal-TestApp" */ = {
			isa = XCConfigurationList;
			buildConfigurations = (
				8D51D81E216A8BD0000B195A /* Debug */,
				8D51D81F216A8BD0000B195A /* Release */,
			);
			defaultConfigurationIsVisible = 0;
			defaultConfigurationName = Release;
		};
/* End XCConfigurationList section */
	};
	rootObject = 8D51D803216A8BCC000B195A /* Project object */;
}
